
Microsoft Visual Studio Solution File, Format Version 12.00
# Visual Studio Version 16
VisualStudioVersion = 16.0.29209.62
MinimumVisualStudioVersion = 10.0.40219.1
Project("{FAE04EC0-301F-11D3-BF4B-00C04F79EFBC}") = "Shop", "Shop\Shop.csproj", "{3851075E-EFCC-4989-80CE-3E58F19D02F4}"
EndProject
Project("{FAE04EC0-301F-11D3-BF4B-00C04F79EFBC}") = "Model", "Model\Model.csproj", "{FED50F7B-D182-434E-A7D0-C85ACACCB71B}"
EndProject
Project("{FAE04EC0-301F-11D3-BF4B-00C04F79EFBC}") = "Common", "Common\Common.csproj", "{8269CBF0-CA29-4612-9EB1-EABFA622A20F}"
EndProject
Global
	GlobalSection(SolutionConfigurationPlatforms) = preSolution
		Debug|Any CPU = Debug|Any CPU
		Release|Any CPU = Release|Any CPU
	EndGlobalSection
	GlobalSection(ProjectConfigurationPlatforms) = postSolution
		{3851075E-EFCC-4989-80CE-3E58F19D02F4}.Debug|Any CPU.ActiveCfg = Debug|Any CPU
		{3851075E-EFCC-4989-80CE-3E58F19D02F4}.Debug|Any CPU.Build.0 = Debug|Any CPU
		{3851075E-EFCC-4989-80CE-3E58F19D02F4}.Release|Any CPU.ActiveCfg = Release|Any CPU
		{3851075E-EFCC-4989-80CE-3E58F19D02F4}.Release|Any CPU.Build.0 = Release|Any CPU
		{FED50F7B-D182-434E-A7D0-C85ACACCB71B}.Debug|Any CPU.ActiveCfg = Debug|Any CPU
		{FED50F7B-D182-434E-A7D0-C85ACACCB71B}.Debug|Any CPU.Build.0 = Debug|Any CPU
		{FED50F7B-D182-434E-A7D0-C85ACACCB71B}.Release|Any CPU.ActiveCfg = Release|Any CPU
		{FED50F7B-D182-434E-A7D0-C85ACACCB71B}.Release|Any CPU.Build.0 = Release|Any CPU
		{8269CBF0-CA29-4612-9EB1-EABFA622A20F}.Debug|Any CPU.ActiveCfg = Debug|Any CPU
		{8269CBF0-CA29-4612-9EB1-EABFA622A20F}.Debug|Any CPU.Build.0 = Debug|Any CPU
		{8269CBF0-CA29-4612-9EB1-EABFA622A20F}.Release|Any CPU.ActiveCfg = Release|Any CPU
		{8269CBF0-CA29-4612-9EB1-EABFA622A20F}.Release|Any CPU.Build.0 = Release|Any CPU
	EndGlobalSection
	GlobalSection(SolutionProperties) = preSolution
		HideSolutionNode = FALSE
	EndGlobalSection
	GlobalSection(ExtensibilityGlobals) = postSolution
		SolutionGuid = {96BA24A2-1CCC-4366-B65D-66B445605BAB}
	EndGlobalSection
EndGlobal
